
Microsoft Visual Studio Solution File, Format Version 12.00
# Visual Studio Version 17
VisualStudioVersion = 17.0.31903.59
MinimumVisualStudioVersion = 10.0.40219.1
Project("{2150E333-8FDC-42A3-9474-1A3956D46DE8}") = "src", "src", "{0489B99D-A864-4C47-AA43-E4ADFCABB359}"
EndProject
Project("{FAE04EC0-301F-11D3-BF4B-00C04F79EFBC}") = "AuctionService", "src\AuctionService\AuctionService.csproj", "{29490621-226E-4B88-A9A2-DFA207081DC4}"
EndProject
Project("{FAE04EC0-301F-11D3-BF4B-00C04F79EFBC}") = "SearchService", "src\SearchService\SearchService.csproj", "{D5150F5F-89DC-4CEF-8EEB-7C99FF0EED8A}"
EndProject
Project("{FAE04EC0-301F-11D3-BF4B-00C04F79EFBC}") = "Contracts", "src\Contracts\Contracts.csproj", "{6C96604D-FC7C-4F3B-90E6-3DA2A0C0CF11}"
EndProject
Project("{FAE04EC0-301F-11D3-BF4B-00C04F79EFBC}") = "IdentityService", "src\IdentityService\IdentityService.csproj", "{D4B11B18-705A-4F8A-8CB6-101AF6DB447C}"
EndProject
Project("{FAE04EC0-301F-11D3-BF4B-00C04F79EFBC}") = "GatewayService", "src\GatewayService\GatewayService.csproj", "{49FED903-674B-4500-B06D-1D720EEC4EAC}"
EndProject
Global
	GlobalSection(SolutionConfigurationPlatforms) = preSolution
		Debug|Any CPU = Debug|Any CPU
		Release|Any CPU = Release|Any CPU
	EndGlobalSection
	GlobalSection(SolutionProperties) = preSolution
		HideSolutionNode = FALSE
	EndGlobalSection
	GlobalSection(ProjectConfigurationPlatforms) = postSolution
		{29490621-226E-4B88-A9A2-DFA207081DC4}.Debug|Any CPU.ActiveCfg = Debug|Any CPU
		{29490621-226E-4B88-A9A2-DFA207081DC4}.Debug|Any CPU.Build.0 = Debug|Any CPU
		{29490621-226E-4B88-A9A2-DFA207081DC4}.Release|Any CPU.ActiveCfg = Release|Any CPU
		{29490621-226E-4B88-A9A2-DFA207081DC4}.Release|Any CPU.Build.0 = Release|Any CPU
		{D5150F5F-89DC-4CEF-8EEB-7C99FF0EED8A}.Debug|Any CPU.ActiveCfg = Debug|Any CPU
		{D5150F5F-89DC-4CEF-8EEB-7C99FF0EED8A}.Debug|Any CPU.Build.0 = Debug|Any CPU
		{D5150F5F-89DC-4CEF-8EEB-7C99FF0EED8A}.Release|Any CPU.ActiveCfg = Release|Any CPU
		{D5150F5F-89DC-4CEF-8EEB-7C99FF0EED8A}.Release|Any CPU.Build.0 = Release|Any CPU
		{6C96604D-FC7C-4F3B-90E6-3DA2A0C0CF11}.Debug|Any CPU.ActiveCfg = Debug|Any CPU
		{6C96604D-FC7C-4F3B-90E6-3DA2A0C0CF11}.Debug|Any CPU.Build.0 = Debug|Any CPU
		{6C96604D-FC7C-4F3B-90E6-3DA2A0C0CF11}.Release|Any CPU.ActiveCfg = Release|Any CPU
		{6C96604D-FC7C-4F3B-90E6-3DA2A0C0CF11}.Release|Any CPU.Build.0 = Release|Any CPU
		{D4B11B18-705A-4F8A-8CB6-101AF6DB447C}.Debug|Any CPU.ActiveCfg = Debug|Any CPU
		{D4B11B18-705A-4F8A-8CB6-101AF6DB447C}.Debug|Any CPU.Build.0 = Debug|Any CPU
		{D4B11B18-705A-4F8A-8CB6-101AF6DB447C}.Release|Any CPU.ActiveCfg = Release|Any CPU
		{D4B11B18-705A-4F8A-8CB6-101AF6DB447C}.Release|Any CPU.Build.0 = Release|Any CPU
		{49FED903-674B-4500-B06D-1D720EEC4EAC}.Debug|Any CPU.ActiveCfg = Debug|Any CPU
		{49FED903-674B-4500-B06D-1D720EEC4EAC}.Debug|Any CPU.Build.0 = Debug|Any CPU
		{49FED903-674B-4500-B06D-1D720EEC4EAC}.Release|Any CPU.ActiveCfg = Release|Any CPU
		{49FED903-674B-4500-B06D-1D720EEC4EAC}.Release|Any CPU.Build.0 = Release|Any CPU
	EndGlobalSection
	GlobalSection(NestedProjects) = preSolution
		{29490621-226E-4B88-A9A2-DFA207081DC4} = {0489B99D-A864-4C47-AA43-E4ADFCABB359}
		{D5150F5F-89DC-4CEF-8EEB-7C99FF0EED8A} = {0489B99D-A864-4C47-AA43-E4ADFCABB359}
		{6C96604D-FC7C-4F3B-90E6-3DA2A0C0CF11} = {0489B99D-A864-4C47-AA43-E4ADFCABB359}
		{D4B11B18-705A-4F8A-8CB6-101AF6DB447C} = {0489B99D-A864-4C47-AA43-E4ADFCABB359}
		{49FED903-674B-4500-B06D-1D720EEC4EAC} = {0489B99D-A864-4C47-AA43-E4ADFCABB359}
	EndGlobalSection
EndGlobal
